
Microsoft Visual Studio Solution File, Format Version 12.00
# Visual Studio 15
VisualStudioVersion = 15.0.28307.757
MinimumVisualStudioVersion = 10.0.40219.1
Project("{9A19103F-16F7-4668-BE54-9A1E7A4F7556}") = "FactoryShopping", "FactoryShopping\FactoryShopping.csproj", "{CE7D097B-8F0E-4BFE-B712-3FD2F7AB67B3}"
EndProject
Project("{9A19103F-16F7-4668-BE54-9A1E7A4F7556}") = "FactoryShopping.Models", "DataAccessLayer\FactoryShopping.Models.csproj", "{4532FE2F-B064-4F6A-937E-B6EB8ADAFABE}"
EndProject
Project("{9A19103F-16F7-4668-BE54-9A1E7A4F7556}") = "FactoryShopping.Domain", "BLL\FactoryShopping.Domain.csproj", "{580B9081-2DF6-42BB-9C60-C420B6837390}"
EndProject
Project("{9A19103F-16F7-4668-BE54-9A1E7A4F7556}") = "FactoryShopping.Context", "DataContext\FactoryShopping.Context.csproj", "{DF1271AA-9254-463B-BE81-A805AA672597}"
EndProject
Global
	GlobalSection(SolutionConfigurationPlatforms) = preSolution
		Debug|Any CPU = Debug|Any CPU
		Release|Any CPU = Release|Any CPU
	EndGlobalSection
	GlobalSection(ProjectConfigurationPlatforms) = postSolution
		{CE7D097B-8F0E-4BFE-B712-3FD2F7AB67B3}.Debug|Any CPU.ActiveCfg = Debug|Any CPU
		{CE7D097B-8F0E-4BFE-B712-3FD2F7AB67B3}.Debug|Any CPU.Build.0 = Debug|Any CPU
		{CE7D097B-8F0E-4BFE-B712-3FD2F7AB67B3}.Release|Any CPU.ActiveCfg = Release|Any CPU
		{CE7D097B-8F0E-4BFE-B712-3FD2F7AB67B3}.Release|Any CPU.Build.0 = Release|Any CPU
		{4532FE2F-B064-4F6A-937E-B6EB8ADAFABE}.Debug|Any CPU.ActiveCfg = Debug|Any CPU
		{4532FE2F-B064-4F6A-937E-B6EB8ADAFABE}.Debug|Any CPU.Build.0 = Debug|Any CPU
		{4532FE2F-B064-4F6A-937E-B6EB8ADAFABE}.Release|Any CPU.ActiveCfg = Release|Any CPU
		{4532FE2F-B064-4F6A-937E-B6EB8ADAFABE}.Release|Any CPU.Build.0 = Release|Any CPU
		{580B9081-2DF6-42BB-9C60-C420B6837390}.Debug|Any CPU.ActiveCfg = Debug|Any CPU
		{580B9081-2DF6-42BB-9C60-C420B6837390}.Debug|Any CPU.Build.0 = Debug|Any CPU
		{580B9081-2DF6-42BB-9C60-C420B6837390}.Release|Any CPU.ActiveCfg = Release|Any CPU
		{580B9081-2DF6-42BB-9C60-C420B6837390}.Release|Any CPU.Build.0 = Release|Any CPU
		{DF1271AA-9254-463B-BE81-A805AA672597}.Debug|Any CPU.ActiveCfg = Debug|Any CPU
		{DF1271AA-9254-463B-BE81-A805AA672597}.Debug|Any CPU.Build.0 = Debug|Any CPU
		{DF1271AA-9254-463B-BE81-A805AA672597}.Release|Any CPU.ActiveCfg = Release|Any CPU
		{DF1271AA-9254-463B-BE81-A805AA672597}.Release|Any CPU.Build.0 = Release|Any CPU
	EndGlobalSection
	GlobalSection(SolutionProperties) = preSolution
		HideSolutionNode = FALSE
	EndGlobalSection
	GlobalSection(ExtensibilityGlobals) = postSolution
		SolutionGuid = {E53095B3-393E-47B2-81C3-D45FB9468A2E}
	EndGlobalSection
EndGlobal
